// !$*UTF8*$!
{
	archiveVersion = 1;
	classes = {
	};
	objectVersion = 55;
	objects = {

/* Begin PBXBuildFile section */
		19653F71281B60B90081CE80 /* VisualEffectBlur.swift in Sources */ = {isa = PBXBuildFile; fileRef = 19653F70281B60B90081CE80 /* VisualEffectBlur.swift */; };
		19653F73281B60D90081CE80 /* ImagePicker.swift in Sources */ = {isa = PBXBuildFile; fileRef = 19653F72281B60D90081CE80 /* ImagePicker.swift */; };
		19653F76281B7ACF0081CE80 /* GradientText.swift in Sources */ = {isa = PBXBuildFile; fileRef = 19653F75281B7ACF0081CE80 /* GradientText.swift */; };
		19653F78281B7BCA0081CE80 /* GradientButton.swift in Sources */ = {isa = PBXBuildFile; fileRef = 19653F77281B7BCA0081CE80 /* GradientButton.swift */; };
		19653F7A281B7C210081CE80 /* TextfieldIcon.swift in Sources */ = {isa = PBXBuildFile; fileRef = 19653F79281B7C210081CE80 /* TextfieldIcon.swift */; };
		19A55A0F281B487D00F7450E /* Presentacion.xcdatamodeld in Sources */ = {isa = PBXBuildFile; fileRef = 19A559FC281B487800F7450E /* Presentacion.xcdatamodeld */; };
		19A55A10281B487D00F7450E /* Presentacion.xcdatamodeld in Sources */ = {isa = PBXBuildFile; fileRef = 19A559FC281B487800F7450E /* Presentacion.xcdatamodeld */; };
		19A55A11281B487D00F7450E /* PresentacionApp.swift in Sources */ = {isa = PBXBuildFile; fileRef = 19A559FE281B487800F7450E /* PresentacionApp.swift */; };
		19A55A12281B487D00F7450E /* PresentacionApp.swift in Sources */ = {isa = PBXBuildFile; fileRef = 19A559FE281B487800F7450E /* PresentacionApp.swift */; };
		19A55A13281B487D00F7450E /* ContentView.swift in Sources */ = {isa = PBXBuildFile; fileRef = 19A559FF281B487800F7450E /* ContentView.swift */; };
		19A55A14281B487D00F7450E /* ContentView.swift in Sources */ = {isa = PBXBuildFile; fileRef = 19A559FF281B487800F7450E /* ContentView.swift */; };
		19A55A15281B487D00F7450E /* Persistence.swift in Sources */ = {isa = PBXBuildFile; fileRef = 19A55A00281B487800F7450E /* Persistence.swift */; };
		19A55A16281B487D00F7450E /* Persistence.swift in Sources */ = {isa = PBXBuildFile; fileRef = 19A55A00281B487800F7450E /* Persistence.swift */; };
		19A55A17281B487D00F7450E /* Assets.xcassets in Resources */ = {isa = PBXBuildFile; fileRef = 19A55A01281B487D00F7450E /* Assets.xcassets */; };
		19A55A18281B487D00F7450E /* Assets.xcassets in Resources */ = {isa = PBXBuildFile; fileRef = 19A55A01281B487D00F7450E /* Assets.xcassets */; };
/* End PBXBuildFile section */

/* Begin PBXFileReference section */
		19653F70281B60B90081CE80 /* VisualEffectBlur.swift */ = {isa = PBXFileReference; fileEncoding = 4; lastKnownFileType = sourcecode.swift; path = VisualEffectBlur.swift; sourceTree = "<group>"; };
		19653F72281B60D90081CE80 /* ImagePicker.swift */ = {isa = PBXFileReference; fileEncoding = 4; lastKnownFileType = sourcecode.swift; path = ImagePicker.swift; sourceTree = "<group>"; };
		19653F75281B7ACF0081CE80 /* GradientText.swift */ = {isa = PBXFileReference; lastKnownFileType = sourcecode.swift; path = GradientText.swift; sourceTree = "<group>"; };
		19653F77281B7BCA0081CE80 /* GradientButton.swift */ = {isa = PBXFileReference; lastKnownFileType = sourcecode.swift; path = GradientButton.swift; sourceTree = "<group>"; };
		19653F79281B7C210081CE80 /* TextfieldIcon.swift */ = {isa = PBXFileReference; lastKnownFileType = sourcecode.swift; path = TextfieldIcon.swift; sourceTree = "<group>"; };
		19A559FD281B487800F7450E /* Shared.xcdatamodel */ = {isa = PBXFileReference; lastKnownFileType = wrapper.xcdatamodel; path = Shared.xcdatamodel; sourceTree = "<group>"; };
		19A559FE281B487800F7450E /* PresentacionApp.swift */ = {isa = PBXFileReference; lastKnownFileType = sourcecode.swift; path = PresentacionApp.swift; sourceTree = "<group>"; };
		19A559FF281B487800F7450E /* ContentView.swift */ = {isa = PBXFileReference; lastKnownFileType = sourcecode.swift; path = ContentView.swift; sourceTree = "<group>"; };
		19A55A00281B487800F7450E /* Persistence.swift */ = {isa = PBXFileReference; lastKnownFileType = sourcecode.swift; path = Persistence.swift; sourceTree = "<group>"; };
		19A55A01281B487D00F7450E /* Assets.xcassets */ = {isa = PBXFileReference; lastKnownFileType = folder.assetcatalog; path = Assets.xcassets; sourceTree = "<group>"; };
		19A55A06281B487D00F7450E /* Presentacion.app */ = {isa = PBXFileReference; explicitFileType = wrapper.application; includeInIndex = 0; path = Presentacion.app; sourceTree = BUILT_PRODUCTS_DIR; };
		19A55A0C281B487D00F7450E /* Presentacion.app */ = {isa = PBXFileReference; explicitFileType = wrapper.application; includeInIndex = 0; path = Presentacion.app; sourceTree = BUILT_PRODUCTS_DIR; };
		19A55A0E281B487D00F7450E /* macOS.entitlements */ = {isa = PBXFileReference; lastKnownFileType = text.plist.entitlements; path = macOS.entitlements; sourceTree = "<group>"; };
/* End PBXFileReference section */

/* Begin PBXFrameworksBuildPhase section */
		19A55A03281B487D00F7450E /* Frameworks */ = {
			isa = PBXFrameworksBuildPhase;
			buildActionMask = 2147483647;
			files = (
			);
			runOnlyForDeploymentPostprocessing = 0;
		};
		19A55A09281B487D00F7450E /* Frameworks */ = {
			isa = PBXFrameworksBuildPhase;
			buildActionMask = 2147483647;
			files = (
			);
			runOnlyForDeploymentPostprocessing = 0;
		};
/* End PBXFrameworksBuildPhase section */

/* Begin PBXGroup section */
		19653F6F281B5F060081CE80 /* Helpers */ = {
			isa = PBXGroup;
			children = (
				19653F70281B60B90081CE80 /* VisualEffectBlur.swift */,
				19653F72281B60D90081CE80 /* ImagePicker.swift */,
			);
			path = Helpers;
			sourceTree = "<group>";
		};
		19653F74281B7AB40081CE80 /* Views */ = {
			isa = PBXGroup;
			children = (
				19653F75281B7ACF0081CE80 /* GradientText.swift */,
				19653F77281B7BCA0081CE80 /* GradientButton.swift */,
				19653F79281B7C210081CE80 /* TextfieldIcon.swift */,
			);
			path = Views;
			sourceTree = "<group>";
		};
		19A559F6281B487700F7450E = {
			isa = PBXGroup;
			children = (
				19653F74281B7AB40081CE80 /* Views */,
				19653F6F281B5F060081CE80 /* Helpers */,
				19A559FB281B487800F7450E /* Shared */,
				19A55A0D281B487D00F7450E /* macOS */,
				19A55A07281B487D00F7450E /* Products */,
			);
			sourceTree = "<group>";
		};
		19A559FB281B487800F7450E /* Shared */ = {
			isa = PBXGroup;
			children = (
				19A559FE281B487800F7450E /* PresentacionApp.swift */,
				19A559FF281B487800F7450E /* ContentView.swift */,
				19A55A00281B487800F7450E /* Persistence.swift */,
				19A55A01281B487D00F7450E /* Assets.xcassets */,
				19A559FC281B487800F7450E /* Presentacion.xcdatamodeld */,
			);
			path = Shared;
			sourceTree = "<group>";
		};
		19A55A07281B487D00F7450E /* Products */ = {
			isa = PBXGroup;
			children = (
				19A55A06281B487D00F7450E /* Presentacion.app */,
				19A55A0C281B487D00F7450E /* Presentacion.app */,
			);
			name = Products;
			sourceTree = "<group>";
		};
		19A55A0D281B487D00F7450E /* macOS */ = {
			isa = PBXGroup;
			children = (
				19A55A0E281B487D00F7450E /* macOS.entitlements */,
			);
			path = macOS;
			sourceTree = "<group>";
		};
/* End PBXGroup section */

/* Begin PBXNativeTarget section */
		19A55A05281B487D00F7450E /* Presentacion (iOS) */ = {
			isa = PBXNativeTarget;
			buildConfigurationList = 19A55A1B281B487D00F7450E /* Build configuration list for PBXNativeTarget "Presentacion (iOS)" */;
			buildPhases = (
				19A55A02281B487D00F7450E /* Sources */,
				19A55A03281B487D00F7450E /* Frameworks */,
				19A55A04281B487D00F7450E /* Resources */,
			);
			buildRules = (
			);
			dependencies = (
			);
			name = "Presentacion (iOS)";
			productName = "Presentacion (iOS)";
			productReference = 19A55A06281B487D00F7450E /* Presentacion.app */;
			productType = "com.apple.product-type.application";
		};
		19A55A0B281B487D00F7450E /* Presentacion (macOS) */ = {
			isa = PBXNativeTarget;
			buildConfigurationList = 19A55A1E281B487D00F7450E /* Build configuration list for PBXNativeTarget "Presentacion (macOS)" */;
			buildPhases = (
				19A55A08281B487D00F7450E /* Sources */,
				19A55A09281B487D00F7450E /* Frameworks */,
				19A55A0A281B487D00F7450E /* Resources */,
			);
			buildRules = (
			);
			dependencies = (
			);
			name = "Presentacion (macOS)";
			productName = "Presentacion (macOS)";
			productReference = 19A55A0C281B487D00F7450E /* Presentacion.app */;
			productType = "com.apple.product-type.application";
		};
/* End PBXNativeTarget section */

/* Begin PBXProject section */
		19A559F7281B487700F7450E /* Project object */ = {
			isa = PBXProject;
			attributes = {
				BuildIndependentTargetsInParallel = 1;
				LastSwiftUpdateCheck = 1330;
				LastUpgradeCheck = 1330;
				TargetAttributes = {
					19A55A05281B487D00F7450E = {
						CreatedOnToolsVersion = 13.3;
					};
					19A55A0B281B487D00F7450E = {
						CreatedOnToolsVersion = 13.3;
					};
				};
			};
			buildConfigurationList = 19A559FA281B487700F7450E /* Build configuration list for PBXProject "Presentacion" */;
			compatibilityVersion = "Xcode 13.0";
			developmentRegion = en;
			hasScannedForEncodings = 0;
			knownRegions = (
				en,
				Base,
			);
			mainGroup = 19A559F6281B487700F7450E;
			productRefGroup = 19A55A07281B487D00F7450E /* Products */;
			projectDirPath = "";
			projectRoot = "";
			targets = (
				19A55A05281B487D00F7450E /* Presentacion (iOS) */,
				19A55A0B281B487D00F7450E /* Presentacion (macOS) */,
			);
		};
/* End PBXProject section */

/* Begin PBXResourcesBuildPhase section */
		19A55A04281B487D00F7450E /* Resources */ = {
			isa = PBXResourcesBuildPhase;
			buildActionMask = 2147483647;
			files = (
				19A55A17281B487D00F7450E /* Assets.xcassets in Resources */,
			);
			runOnlyForDeploymentPostprocessing = 0;
		};
		19A55A0A281B487D00F7450E /* Resources */ = {
			isa = PBXResourcesBuildPhase;
			buildActionMask = 2147483647;
			files = (
				19A55A18281B487D00F7450E /* Assets.xcassets in Resources */,
			);
			runOnlyForDeploymentPostprocessing = 0;
		};
/* End PBXResourcesBuildPhase section */

/* Begin PBXSourcesBuildPhase section */
		19A55A02281B487D00F7450E /* Sources */ = {
			isa = PBXSourcesBuildPhase;
			buildActionMask = 2147483647;
			files = (
				19653F71281B60B90081CE80 /* VisualEffectBlur.swift in Sources */,
				19653F78281B7BCA0081CE80 /* GradientButton.swift in Sources */,
				19653F76281B7ACF0081CE80 /* GradientText.swift in Sources */,
				19653F7A281B7C210081CE80 /* TextfieldIcon.swift in Sources */,
				19A55A11281B487D00F7450E /* PresentacionApp.swift in Sources */,
				19A55A15281B487D00F7450E /* Persistence.swift in Sources */,
				19653F73281B60D90081CE80 /* ImagePicker.swift in Sources */,
				19A55A0F281B487D00F7450E /* Presentacion.xcdatamodeld in Sources */,
				19A55A13281B487D00F7450E /* ContentView.swift in Sources */,
			);
			runOnlyForDeploymentPostprocessing = 0;
		};
		19A55A08281B487D00F7450E /* Sources */ = {
			isa = PBXSourcesBuildPhase;
			buildActionMask = 2147483647;
			files = (
				19A55A12281B487D00F7450E /* PresentacionApp.swift in Sources */,
				19A55A16281B487D00F7450E /* Persistence.swift in Sources */,
				19A55A10281B487D00F7450E /* Presentacion.xcdatamodeld in Sources */,
				19A55A14281B487D00F7450E /* ContentView.swift in Sources */,
			);
			runOnlyForDeploymentPostprocessing = 0;
		};
/* End PBXSourcesBuildPhase section */

/* Begin XCBuildConfiguration section */
		19A55A19281B487D00F7450E /* Debug */ = {
			isa = XCBuildConfiguration;
			buildSettings = {
				ALWAYS_SEARCH_USER_PATHS = NO;
				CLANG_ANALYZER_NONNULL = YES;
				CLANG_ANALYZER_NUMBER_OBJECT_CONVERSION = YES_AGGRESSIVE;
				CLANG_CXX_LANGUAGE_STANDARD = "gnu++17";
				CLANG_ENABLE_MODULES = YES;
				CLANG_ENABLE_OBJC_ARC = YES;
				CLANG_ENABLE_OBJC_WEAK = YES;
				CLANG_WARN_BLOCK_CAPTURE_AUTORELEASING = YES;
				CLANG_WARN_BOOL_CONVERSION = YES;
				CLANG_WARN_COMMA = YES;
				CLANG_WARN_CONSTANT_CONVERSION = YES;
				CLANG_WARN_DEPRECATED_OBJC_IMPLEMENTATIONS = YES;
				CLANG_WARN_DIRECT_OBJC_ISA_USAGE = YES_ERROR;
				CLANG_WARN_DOCUMENTATION_COMMENTS = YES;
				CLANG_WARN_EMPTY_BODY = YES;
				CLANG_WARN_ENUM_CONVERSION = YES;
				CLANG_WARN_INFINITE_RECURSION = YES;
				CLANG_WARN_INT_CONVERSION = YES;
				CLANG_WARN_NON_LITERAL_NULL_CONVERSION = YES;
				CLANG_WARN_OBJC_IMPLICIT_RETAIN_SELF = YES;
				CLANG_WARN_OBJC_LITERAL_CONVERSION = YES;
				CLANG_WARN_OBJC_ROOT_CLASS = YES_ERROR;
				CLANG_WARN_QUOTED_INCLUDE_IN_FRAMEWORK_HEADER = YES;
				CLANG_WARN_RANGE_LOOP_ANALYSIS = YES;
				CLANG_WARN_STRICT_PROTOTYPES = YES;
				CLANG_WARN_SUSPICIOUS_MOVE = YES;
				CLANG_WARN_UNGUARDED_AVAILABILITY = YES_AGGRESSIVE;
				CLANG_WARN_UNREACHABLE_CODE = YES;
				CLANG_WARN__DUPLICATE_METHOD_MATCH = YES;
				COPY_PHASE_STRIP = NO;
				DEBUG_INFORMATION_FORMAT = dwarf;
				ENABLE_STRICT_OBJC_MSGSEND = YES;
				ENABLE_TESTABILITY = YES;
				GCC_C_LANGUAGE_STANDARD = gnu11;
				GCC_DYNAMIC_NO_PIC = NO;
				GCC_NO_COMMON_BLOCKS = YES;
				GCC_OPTIMIZATION_LEVEL = 0;
				GCC_PREPROCESSOR_DEFINITIONS = (
					"DEBUG=1",
					"$(inherited)",
				);
				GCC_WARN_64_TO_32_BIT_CONVERSION = YES;
				GCC_WARN_ABOUT_RETURN_TYPE = YES_ERROR;
				GCC_WARN_UNDECLARED_SELECTOR = YES;
				GCC_WARN_UNINITIALIZED_AUTOS = YES_AGGRESSIVE;
				GCC_WARN_UNUSED_FUNCTION = YES;
				GCC_WARN_UNUSED_VARIABLE = YES;
				MTL_ENABLE_DEBUG_INFO = INCLUDE_SOURCE;
				MTL_FAST_MATH = YES;
				ONLY_ACTIVE_ARCH = YES;
				SWIFT_ACTIVE_COMPILATION_CONDITIONS = DEBUG;
				SWIFT_OPTIMIZATION_LEVEL = "-Onone";
			};
			name = Debug;
		};
		19A55A1A281B487D00F7450E /* Release */ = {
			isa = XCBuildConfiguration;
			buildSettings = {
				ALWAYS_SEARCH_USER_PATHS = NO;
				CLANG_ANALYZER_NONNULL = YES;
				CLANG_ANALYZER_NUMBER_OBJECT_CONVERSION = YES_AGGRESSIVE;
				CLANG_CXX_LANGUAGE_STANDARD = "gnu++17";
				CLANG_ENABLE_MODULES = YES;
				CLANG_ENABLE_OBJC_ARC = YES;
				CLANG_ENABLE_OBJC_WEAK = YES;
				CLANG_WARN_BLOCK_CAPTURE_AUTORELEASING = YES;
				CLANG_WARN_BOOL_CONVERSION = YES;
				CLANG_WARN_COMMA = YES;
				CLANG_WARN_CONSTANT_CONVERSION = YES;
				CLANG_WARN_DEPRECATED_OBJC_IMPLEMENTATIONS = YES;
				CLANG_WARN_DIRECT_OBJC_ISA_USAGE = YES_ERROR;
				CLANG_WARN_DOCUMENTATION_COMMENTS = YES;
				CLANG_WARN_EMPTY_BODY = YES;
				CLANG_WARN_ENUM_CONVERSION = YES;
				CLANG_WARN_INFINITE_RECURSION = YES;
				CLANG_WARN_INT_CONVERSION = YES;
				CLANG_WARN_NON_LITERAL_NULL_CONVERSION = YES;
				CLANG_WARN_OBJC_IMPLICIT_RETAIN_SELF = YES;
				CLANG_WARN_OBJC_LITERAL_CONVERSION = YES;
				CLANG_WARN_OBJC_ROOT_CLASS = YES_ERROR;
				CLANG_WARN_QUOTED_INCLUDE_IN_FRAMEWORK_HEADER = YES;
				CLANG_WARN_RANGE_LOOP_ANALYSIS = YES;
				CLANG_WARN_STRICT_PROTOTYPES = YES;
				CLANG_WARN_SUSPICIOUS_MOVE = YES;
				CLANG_WARN_UNGUARDED_AVAILABILITY = YES_AGGRESSIVE;
				CLANG_WARN_UNREACHABLE_CODE = YES;
				CLANG_WARN__DUPLICATE_METHOD_MATCH = YES;
				COPY_PHASE_STRIP = NO;
				DEBUG_INFORMATION_FORMAT = "dwarf-with-dsym";
				ENABLE_NS_ASSERTIONS = NO;
				ENABLE_STRICT_OBJC_MSGSEND = YES;
				GCC_C_LANGUAGE_STANDARD = gnu11;
				GCC_NO_COMMON_BLOCKS = YES;
				GCC_WARN_64_TO_32_BIT_CONVERSION = YES;
				GCC_WARN_ABOUT_RETURN_TYPE = YES_ERROR;
				GCC_WARN_UNDECLARED_SELECTOR = YES;
				GCC_WARN_UNINITIALIZED_AUTOS = YES_AGGRESSIVE;
				GCC_WARN_UNUSED_FUNCTION = YES;
				GCC_WARN_UNUSED_VARIABLE = YES;
				MTL_ENABLE_DEBUG_INFO = NO;
				MTL_FAST_MATH = YES;
				SWIFT_COMPILATION_MODE = wholemodule;
				SWIFT_OPTIMIZATION_LEVEL = "-O";
			};
			name = Release;
		};
		19A55A1C281B487D00F7450E /* Debug */ = {
			isa = XCBuildConfiguration;
			buildSettings = {
				ASSETCATALOG_COMPILER_APPICON_NAME = AppIcon;
				ASSETCATALOG_COMPILER_GLOBAL_ACCENT_COLOR_NAME = AccentColor;
				CODE_SIGN_STYLE = Automatic;
				CURRENT_PROJECT_VERSION = 1;
				ENABLE_PREVIEWS = YES;
				GENERATE_INFOPLIST_FILE = YES;
				INFOPLIST_KEY_UIApplicationSceneManifest_Generation = YES;
				INFOPLIST_KEY_UIApplicationSupportsIndirectInputEvents = YES;
				INFOPLIST_KEY_UILaunchScreen_Generation = YES;
				INFOPLIST_KEY_UISupportedInterfaceOrientations_iPad = "UIInterfaceOrientationPortrait UIInterfaceOrientationPortraitUpsideDown UIInterfaceOrientationLandscapeLeft UIInterfaceOrientationLandscapeRight";
				INFOPLIST_KEY_UISupportedInterfaceOrientations_iPhone = "UIInterfaceOrientationPortrait UIInterfaceOrientationLandscapeLeft UIInterfaceOrientationLandscapeRight";
				IPHONEOS_DEPLOYMENT_TARGET = 15.4;
				LD_RUNPATH_SEARCH_PATHS = (
					"$(inherited)",
					"@executable_path/Frameworks",
				);
				MARKETING_VERSION = 1.0;
				PRODUCT_BUNDLE_IDENTIFIER = luchonic.Presentacion;
				PRODUCT_NAME = Presentacion;
				SDKROOT = iphoneos;
				SWIFT_EMIT_LOC_STRINGS = YES;
				SWIFT_VERSION = 5.0;
				TARGETED_DEVICE_FAMILY = "1,2";
			};
			name = Debug;
		};
		19A55A1D281B487D00F7450E /* Release */ = {
			isa = XCBuildConfiguration;
			buildSettings = {
				ASSETCATALOG_COMPILER_APPICON_NAME = AppIcon;
				ASSETCATALOG_COMPILER_GLOBAL_ACCENT_COLOR_NAME = AccentColor;
				CODE_SIGN_STYLE = Automatic;
				CURRENT_PROJECT_VERSION = 1;
				ENABLE_PREVIEWS = YES;
				GENERATE_INFOPLIST_FILE = YES;
				INFOPLIST_KEY_UIApplicationSceneManifest_Generation = YES;
				INFOPLIST_KEY_UIApplicationSupportsIndirectInputEvents = YES;
				INFOPLIST_KEY_UILaunchScreen_Generation = YES;
				INFOPLIST_KEY_UISupportedInterfaceOrientations_iPad = "UIInterfaceOrientationPortrait UIInterfaceOrientationPortraitUpsideDown UIInterfaceOrientationLandscapeLeft UIInterfaceOrientationLandscapeRight";
				INFOPLIST_KEY_UISupportedInterfaceOrientations_iPhone = "UIInterfaceOrientationPortrait UIInterfaceOrientationLandscapeLeft UIInterfaceOrientationLandscapeRight";
				IPHONEOS_DEPLOYMENT_TARGET = 15.4;
				LD_RUNPATH_SEARCH_PATHS = (
					"$(inherited)",
					"@executable_path/Frameworks",
				);
				MARKETING_VERSION = 1.0;
				PRODUCT_BUNDLE_IDENTIFIER = luchonic.Presentacion;
				PRODUCT_NAME = Presentacion;
				SDKROOT = iphoneos;
				SWIFT_EMIT_LOC_STRINGS = YES;
				SWIFT_VERSION = 5.0;
				TARGETED_DEVICE_FAMILY = "1,2";
				VALIDATE_PRODUCT = YES;
			};
			name = Release;
		};
		19A55A1F281B487D00F7450E /* Debug */ = {
			isa = XCBuildConfiguration;
			buildSettings = {
				ASSETCATALOG_COMPILER_APPICON_NAME = AppIcon;
				ASSETCATALOG_COMPILER_GLOBAL_ACCENT_COLOR_NAME = AccentColor;
				CODE_SIGN_ENTITLEMENTS = macOS/macOS.entitlements;
				CODE_SIGN_STYLE = Automatic;
				COMBINE_HIDPI_IMAGES = YES;
				CURRENT_PROJECT_VERSION = 1;
				ENABLE_PREVIEWS = YES;
				GENERATE_INFOPLIST_FILE = YES;
				INFOPLIST_KEY_NSHumanReadableCopyright = "";
				LD_RUNPATH_SEARCH_PATHS = (
					"$(inherited)",
					"@executable_path/../Frameworks",
				);
				MACOSX_DEPLOYMENT_TARGET = 12.3;
				MARKETING_VERSION = 1.0;
				PRODUCT_BUNDLE_IDENTIFIER = luchonic.Presentacion;
				PRODUCT_NAME = Presentacion;
				SDKROOT = macosx;
				SWIFT_EMIT_LOC_STRINGS = YES;
				SWIFT_VERSION = 5.0;
			};
			name = Debug;
		};
		19A55A20281B487D00F7450E /* Release */ = {
			isa = XCBuildConfiguration;
			buildSettings = {
				ASSETCATALOG_COMPILER_APPICON_NAME = AppIcon;
				ASSETCATALOG_COMPILER_GLOBAL_ACCENT_COLOR_NAME = AccentColor;
				CODE_SIGN_ENTITLEMENTS = macOS/macOS.entitlements;
				CODE_SIGN_STYLE = Automatic;
				COMBINE_HIDPI_IMAGES = YES;
				CURRENT_PROJECT_VERSION = 1;
				ENABLE_PREVIEWS = YES;
				GENERATE_INFOPLIST_FILE = YES;
				INFOPLIST_KEY_NSHumanReadableCopyright = "";
				LD_RUNPATH_SEARCH_PATHS = (
					"$(inherited)",
					"@executable_path/../Frameworks",
				);
				MACOSX_DEPLOYMENT_TARGET = 12.3;
				MARKETING_VERSION = 1.0;
				PRODUCT_BUNDLE_IDENTIFIER = luchonic.Presentacion;
				PRODUCT_NAME = Presentacion;
				SDKROOT = macosx;
				SWIFT_EMIT_LOC_STRINGS = YES;
				SWIFT_VERSION = 5.0;
			};
			name = Release;
		};
/* End XCBuildConfiguration section */

/* Begin XCConfigurationList section */
		19A559FA281B487700F7450E /* Build configuration list for PBXProject "Presentacion" */ = {
			isa = XCConfigurationList;
			buildConfigurations = (
				19A55A19281B487D00F7450E /* Debug */,
				19A55A1A281B487D00F7450E /* Release */,
			);
			defaultConfigurationIsVisible = 0;
			defaultConfigurationName = Release;
		};
		19A55A1B281B487D00F7450E /* Build configuration list for PBXNativeTarget "Presentacion (iOS)" */ = {
			isa = XCConfigurationList;
			buildConfigurations = (
				19A55A1C281B487D00F7450E /* Debug */,
				19A55A1D281B487D00F7450E /* Release */,
			);
			defaultConfigurationIsVisible = 0;
			defaultConfigurationName = Release;
		};
		19A55A1E281B487D00F7450E /* Build configuration list for PBXNativeTarget "Presentacion (macOS)" */ = {
			isa = XCConfigurationList;
			buildConfigurations = (
				19A55A1F281B487D00F7450E /* Debug */,
				19A55A20281B487D00F7450E /* Release */,
			);
			defaultConfigurationIsVisible = 0;
			defaultConfigurationName = Release;
		};
/* End XCConfigurationList section */

/* Begin XCVersionGroup section */
		19A559FC281B487800F7450E /* Presentacion.xcdatamodeld */ = {
			isa = XCVersionGroup;
			children = (
				19A559FD281B487800F7450E /* Shared.xcdatamodel */,
			);
			currentVersion = 19A559FD281B487800F7450E /* Shared.xcdatamodel */;
			path = Presentacion.xcdatamodeld;
			sourceTree = "<group>";
			versionGroupType = wrapper.xcdatamodel;
		};
/* End XCVersionGroup section */
	};
	rootObject = 19A559F7281B487700F7450E /* Project object */;
}
